("quicklisp" .
 (:class qlot/source/dist:source-dist
  :initargs (:distribution "https://beta.quicklisp.org/dist/quicklisp.txt" :%version :latest)
  :version "2024-10-12"))
("cffi" .
 (:class qlot/source/ql:source-ql
  :initargs (:%version :latest)
  :version "ql-2024-10-12"))
("cl-raylib" .
 (:class qlot/source/github:source-github
  :initargs (:repos "longlene/cl-raylib" :ref nil :branch nil :tag nil)
  :version "github-5a3af1fb23d3bc82859c27d961ac3cd55e9b28ff"))
("bordeaux-threads" .
 (:class qlot/source/ql:source-ql
  :initargs (:%version :latest)
  :version "ql-2024-10-12"))
